
Microsoft Visual Studio Solution File, Format Version 12.00
# Visual Studio Version 17
VisualStudioVersion = 17.4.33205.214
MinimumVisualStudioVersion = 10.0.40219.1
Project("{FAE04EC0-301F-11D3-BF4B-00C04F79EFBC}") = "PlancherExpertWebServices", "PlancherExpertWebServices\PlancherExpertWebServices.csproj", "{6BCCD4AA-2490-407A-A7F0-1F95EE243439}"
EndProject
Global
	GlobalSection(SolutionConfigurationPlatforms) = preSolution
		Debug|Any CPU = Debug|Any CPU
		Release|Any CPU = Release|Any CPU
	EndGlobalSection
	GlobalSection(ProjectConfigurationPlatforms) = postSolution
		{6BCCD4AA-2490-407A-A7F0-1F95EE243439}.Debug|Any CPU.ActiveCfg = Debug|Any CPU
		{6BCCD4AA-2490-407A-A7F0-1F95EE243439}.Debug|Any CPU.Build.0 = Debug|Any CPU
		{6BCCD4AA-2490-407A-A7F0-1F95EE243439}.Release|Any CPU.ActiveCfg = Release|Any CPU
		{6BCCD4AA-2490-407A-A7F0-1F95EE243439}.Release|Any CPU.Build.0 = Release|Any CPU
	EndGlobalSection
	GlobalSection(SolutionProperties) = preSolution
		HideSolutionNode = FALSE
	EndGlobalSection
	GlobalSection(ExtensibilityGlobals) = postSolution
		SolutionGuid = {DB0D36D7-30B0-4BB2-A9EF-8097D288CCB9}
	EndGlobalSection
EndGlobal
